GEM
  remote: https://rubygems.org/
  specs:
    builder (3.1.4)
    daemons (1.4.1)
    eventmachine (1.2.7)
    eventmachine (1.2.7-x86-mingw32)
    logger (1.7.0)
    rack (3.2.2)
    rdiscount (1.6.8)
    thin (2.0.1)
      daemons (~> 1.0, >= 1.0.9)
      eventmachine (~> 1.0, >= 1.0.4)
      logger
      rack (>= 1, < 4)
    toto (0.4.9)
      builder
      rack
      rdiscount

PLATFORMS
  x86-mingw32
  x86_64-linux

DEPENDENCIES
  rdiscount
  thin (>= 1.5.1)
  toto (>= 0.2.8)

RUBY VERSION
   ruby 3.1.7p261

BUNDLED WITH
   2.3.27
